// !$*UTF8*$!
{
	archiveVersion = 1;
	classes = {
	};
	objectVersion = 56;
	objects = {

/* Begin PBXBuildFile section */
		875D69552B8B686200D5DB58 /* AppDelegate.swift in Sources */ = {isa = PBXBuildFile; fileRef = 875D69542B8B686200D5DB58 /* AppDelegate.swift */; };
		875D69572B8B686200D5DB58 /* SceneDelegate.swift in Sources */ = {isa = PBXBuildFile; fileRef = 875D69562B8B686200D5DB58 /* SceneDelegate.swift */; };
		875D69592B8B686200D5DB58 /* MapViewController.swift in Sources */ = {isa = PBXBuildFile; fileRef = 875D69582B8B686200D5DB58 /* MapViewController.swift */; };
		875D695E2B8B686300D5DB58 /* Assets.xcassets in Resources */ = {isa = PBXBuildFile; fileRef = 875D695D2B8B686300D5DB58 /* Assets.xcassets */; };
		875D69612B8B686300D5DB58 /* LaunchScreen.storyboard in Resources */ = {isa = PBXBuildFile; fileRef = 875D695F2B8B686300D5DB58 /* LaunchScreen.storyboard */; };
		877A09182BAAD33000E2584B /* GoogleService-Info.plist in Resources */ = {isa = PBXBuildFile; fileRef = 877A09172BAAD33000E2584B /* GoogleService-Info.plist */; };
		8785D09E2BAAD20700C2E4CA /* FirebaseAnalytics in Frameworks */ = {isa = PBXBuildFile; productRef = 8785D09D2BAAD20700C2E4CA /* FirebaseAnalytics */; };
		8785D0A02BAAD20700C2E4CA /* FirebaseAnalyticsOnDeviceConversion in Frameworks */ = {isa = PBXBuildFile; productRef = 8785D09F2BAAD20700C2E4CA /* FirebaseAnalyticsOnDeviceConversion */; };
		8785D0A22BAAD20700C2E4CA /* FirebaseAnalyticsSwift in Frameworks */ = {isa = PBXBuildFile; productRef = 8785D0A12BAAD20700C2E4CA /* FirebaseAnalyticsSwift */; };
		8785D0A42BAAD20700C2E4CA /* FirebaseAnalyticsWithoutAdIdSupport in Frameworks */ = {isa = PBXBuildFile; productRef = 8785D0A32BAAD20700C2E4CA /* FirebaseAnalyticsWithoutAdIdSupport */; };
		8785D0A62BAAD20700C2E4CA /* FirebaseAppCheck in Frameworks */ = {isa = PBXBuildFile; productRef = 8785D0A52BAAD20700C2E4CA /* FirebaseAppCheck */; };
		8785D0A82BAAD23200C2E4CA /* FirebaseAnalytics in Frameworks */ = {isa = PBXBuildFile; productRef = 8785D0A72BAAD23200C2E4CA /* FirebaseAnalytics */; };
		8785D0AA2BAAD23200C2E4CA /* FirebaseAnalyticsOnDeviceConversion in Frameworks */ = {isa = PBXBuildFile; productRef = 8785D0A92BAAD23200C2E4CA /* FirebaseAnalyticsOnDeviceConversion */; };
		8785D0AC2BAAD23200C2E4CA /* FirebaseAnalyticsSwift in Frameworks */ = {isa = PBXBuildFile; productRef = 8785D0AB2BAAD23200C2E4CA /* FirebaseAnalyticsSwift */; };
		8785D0AE2BAAD23200C2E4CA /* FirebaseAnalyticsWithoutAdIdSupport in Frameworks */ = {isa = PBXBuildFile; productRef = 8785D0AD2BAAD23200C2E4CA /* FirebaseAnalyticsWithoutAdIdSupport */; };
		8785D0B02BAAD23200C2E4CA /* FirebaseAppCheck in Frameworks */ = {isa = PBXBuildFile; productRef = 8785D0AF2BAAD23200C2E4CA /* FirebaseAppCheck */; };
		8785D0B22BAAD23200C2E4CA /* FirebaseAppDistribution-Beta in Frameworks */ = {isa = PBXBuildFile; productRef = 8785D0B12BAAD23200C2E4CA /* FirebaseAppDistribution-Beta */; };
		8785D0B42BAAD23200C2E4CA /* FirebaseAuth in Frameworks */ = {isa = PBXBuildFile; productRef = 8785D0B32BAAD23200C2E4CA /* FirebaseAuth */; };
		8785D0B62BAAD23200C2E4CA /* FirebaseAuthCombine-Community in Frameworks */ = {isa = PBXBuildFile; productRef = 8785D0B52BAAD23200C2E4CA /* FirebaseAuthCombine-Community */; };
		8785D0B82BAAD23200C2E4CA /* FirebaseCrashlytics in Frameworks */ = {isa = PBXBuildFile; productRef = 8785D0B72BAAD23200C2E4CA /* FirebaseCrashlytics */; };
		8785D0BA2BAAD23200C2E4CA /* FirebaseDatabase in Frameworks */ = {isa = PBXBuildFile; productRef = 8785D0B92BAAD23200C2E4CA /* FirebaseDatabase */; };
		8785D0BC2BAAD23200C2E4CA /* FirebaseMessaging in Frameworks */ = {isa = PBXBuildFile; productRef = 8785D0BB2BAAD23200C2E4CA /* FirebaseMessaging */; };
		8785D0BE2BAAD23200C2E4CA /* FirebasePerformance in Frameworks */ = {isa = PBXBuildFile; productRef = 8785D0BD2BAAD23200C2E4CA /* FirebasePerformance */; };
		8785D0C02BAAD23200C2E4CA /* FirebaseRemoteConfig in Frameworks */ = {isa = PBXBuildFile; productRef = 8785D0BF2BAAD23200C2E4CA /* FirebaseRemoteConfig */; };
		8785D0C22BAAD23200C2E4CA /* FirebaseRemoteConfigSwift in Frameworks */ = {isa = PBXBuildFile; productRef = 8785D0C12BAAD23200C2E4CA /* FirebaseRemoteConfigSwift */; };
		8785D0C42BAAD23200C2E4CA /* FirebaseStorage in Frameworks */ = {isa = PBXBuildFile; productRef = 8785D0C32BAAD23200C2E4CA /* FirebaseStorage */; };
		8785D0C62BAAD23200C2E4CA /* FirebaseStorageCombine-Community in Frameworks */ = {isa = PBXBuildFile; productRef = 8785D0C52BAAD23200C2E4CA /* FirebaseStorageCombine-Community */; };
		87CC08232B8BA92100AD1BC6 /* FirebaseAnalytics in Frameworks */ = {isa = PBXBuildFile; productRef = 87CC08222B8BA92100AD1BC6 /* FirebaseAnalytics */; };
		87CC08252B8BA92100AD1BC6 /* FirebaseAnalyticsOnDeviceConversion in Frameworks */ = {isa = PBXBuildFile; productRef = 87CC08242B8BA92100AD1BC6 /* FirebaseAnalyticsOnDeviceConversion */; };
		87CC08272B8BA92100AD1BC6 /* FirebaseAnalyticsSwift in Frameworks */ = {isa = PBXBuildFile; productRef = 87CC08262B8BA92100AD1BC6 /* FirebaseAnalyticsSwift */; };
		87CC08292B8BA92100AD1BC6 /* FirebaseAnalyticsWithoutAdIdSupport in Frameworks */ = {isa = PBXBuildFile; productRef = 87CC08282B8BA92100AD1BC6 /* FirebaseAnalyticsWithoutAdIdSupport */; };
		87CC082B2B8BA92100AD1BC6 /* FirebaseAppCheck in Frameworks */ = {isa = PBXBuildFile; productRef = 87CC082A2B8BA92100AD1BC6 /* FirebaseAppCheck */; };
		87CC082D2B8BA92100AD1BC6 /* FirebaseAppDistribution-Beta in Frameworks */ = {isa = PBXBuildFile; productRef = 87CC082C2B8BA92100AD1BC6 /* FirebaseAppDistribution-Beta */; };
		87CC082F2B8BA92100AD1BC6 /* FirebaseAuth in Frameworks */ = {isa = PBXBuildFile; productRef = 87CC082E2B8BA92100AD1BC6 /* FirebaseAuth */; };
		87CC08312B8BA92100AD1BC6 /* FirebaseAuthCombine-Community in Frameworks */ = {isa = PBXBuildFile; productRef = 87CC08302B8BA92100AD1BC6 /* FirebaseAuthCombine-Community */; };
		87CC08332B8BA92100AD1BC6 /* FirebaseCrashlytics in Frameworks */ = {isa = PBXBuildFile; productRef = 87CC08322B8BA92100AD1BC6 /* FirebaseCrashlytics */; };
		87CC08352B8BA92100AD1BC6 /* FirebaseDatabase in Frameworks */ = {isa = PBXBuildFile; productRef = 87CC08342B8BA92100AD1BC6 /* FirebaseDatabase */; };
		87CC08372B8BA92100AD1BC6 /* FirebaseDatabaseSwift in Frameworks */ = {isa = PBXBuildFile; productRef = 87CC08362B8BA92100AD1BC6 /* FirebaseDatabaseSwift */; };
		87CC08392B8BA92100AD1BC6 /* FirebaseDynamicLinks in Frameworks */ = {isa = PBXBuildFile; productRef = 87CC08382B8BA92100AD1BC6 /* FirebaseDynamicLinks */; };
		87CC083B2B8BA92100AD1BC6 /* FirebaseFirestore in Frameworks */ = {isa = PBXBuildFile; productRef = 87CC083A2B8BA92100AD1BC6 /* FirebaseFirestore */; };
		87CC083D2B8BA92100AD1BC6 /* FirebaseFirestoreCombine-Community in Frameworks */ = {isa = PBXBuildFile; productRef = 87CC083C2B8BA92100AD1BC6 /* FirebaseFirestoreCombine-Community */; };
		87CC083F2B8BA92100AD1BC6 /* FirebaseFirestoreSwift in Frameworks */ = {isa = PBXBuildFile; productRef = 87CC083E2B8BA92100AD1BC6 /* FirebaseFirestoreSwift */; };
		87CC08412B8BA92100AD1BC6 /* FirebaseFunctions in Frameworks */ = {isa = PBXBuildFile; productRef = 87CC08402B8BA92100AD1BC6 /* FirebaseFunctions */; };
		87CC08432B8BA92100AD1BC6 /* FirebaseFunctionsCombine-Community in Frameworks */ = {isa = PBXBuildFile; productRef = 87CC08422B8BA92100AD1BC6 /* FirebaseFunctionsCombine-Community */; };
		87CC08452B8BA92100AD1BC6 /* FirebaseInAppMessaging-Beta in Frameworks */ = {isa = PBXBuildFile; productRef = 87CC08442B8BA92100AD1BC6 /* FirebaseInAppMessaging-Beta */; };
		87CC08472B8BA92100AD1BC6 /* FirebaseInAppMessagingSwift-Beta in Frameworks */ = {isa = PBXBuildFile; productRef = 87CC08462B8BA92100AD1BC6 /* FirebaseInAppMessagingSwift-Beta */; };
		87CC08492B8BA92100AD1BC6 /* FirebaseInstallations in Frameworks */ = {isa = PBXBuildFile; productRef = 87CC08482B8BA92100AD1BC6 /* FirebaseInstallations */; };
		87CC084B2B8BA92100AD1BC6 /* FirebaseMLModelDownloader in Frameworks */ = {isa = PBXBuildFile; productRef = 87CC084A2B8BA92100AD1BC6 /* FirebaseMLModelDownloader */; };
		87CC084D2B8BA92100AD1BC6 /* FirebaseMessaging in Frameworks */ = {isa = PBXBuildFile; productRef = 87CC084C2B8BA92100AD1BC6 /* FirebaseMessaging */; };
		87CC084F2B8BA92100AD1BC6 /* FirebasePerformance in Frameworks */ = {isa = PBXBuildFile; productRef = 87CC084E2B8BA92100AD1BC6 /* FirebasePerformance */; };
		87CC08512B8BA92100AD1BC6 /* FirebaseRemoteConfig in Frameworks */ = {isa = PBXBuildFile; productRef = 87CC08502B8BA92100AD1BC6 /* FirebaseRemoteConfig */; };
		87CC08532B8BA92100AD1BC6 /* FirebaseRemoteConfigSwift in Frameworks */ = {isa = PBXBuildFile; productRef = 87CC08522B8BA92100AD1BC6 /* FirebaseRemoteConfigSwift */; };
		87CC08552B8BA92100AD1BC6 /* FirebaseStorage in Frameworks */ = {isa = PBXBuildFile; productRef = 87CC08542B8BA92100AD1BC6 /* FirebaseStorage */; };
		87CC08572B8BA92100AD1BC6 /* FirebaseStorageCombine-Community in Frameworks */ = {isa = PBXBuildFile; productRef = 87CC08562B8BA92100AD1BC6 /* FirebaseStorageCombine-Community */; };
		87CC08592B8BB47D00AD1BC6 /* LocationManager.swift in Sources */ = {isa = PBXBuildFile; fileRef = 87CC08582B8BB47D00AD1BC6 /* LocationManager.swift */; };
/* End PBXBuildFile section */

/* Begin PBXFileReference section */
		875D69512B8B686200D5DB58 /* YaM.app */ = {isa = PBXFileReference; explicitFileType = wrapper.application; includeInIndex = 0; path = YaM.app; sourceTree = BUILT_PRODUCTS_DIR; };
		875D69542B8B686200D5DB58 /* AppDelegate.swift */ = {isa = PBXFileReference; lastKnownFileType = sourcecode.swift; path = AppDelegate.swift; sourceTree = "<group>"; };
		875D69562B8B686200D5DB58 /* SceneDelegate.swift */ = {isa = PBXFileReference; lastKnownFileType = sourcecode.swift; path = SceneDelegate.swift; sourceTree = "<group>"; };
		875D69582B8B686200D5DB58 /* MapViewController.swift */ = {isa = PBXFileReference; lastKnownFileType = sourcecode.swift; path = MapViewController.swift; sourceTree = "<group>"; };
		875D695D2B8B686300D5DB58 /* Assets.xcassets */ = {isa = PBXFileReference; lastKnownFileType = folder.assetcatalog; path = Assets.xcassets; sourceTree = "<group>"; };
		875D69602B8B686300D5DB58 /* Base */ = {isa = PBXFileReference; lastKnownFileType = file.storyboard; name = Base; path = Base.lproj/LaunchScreen.storyboard; sourceTree = "<group>"; };
		875D69622B8B686300D5DB58 /* Info.plist */ = {isa = PBXFileReference; lastKnownFileType = text.plist.xml; path = Info.plist; sourceTree = "<group>"; };
		877A09172BAAD33000E2584B /* GoogleService-Info.plist */ = {isa = PBXFileReference; fileEncoding = 4; lastKnownFileType = text.plist.xml; path = "GoogleService-Info.plist"; sourceTree = "<group>"; };
		87CC08582B8BB47D00AD1BC6 /* LocationManager.swift */ = {isa = PBXFileReference; lastKnownFileType = sourcecode.swift; path = LocationManager.swift; sourceTree = "<group>"; };
/* End PBXFileReference section */

/* Begin PBXFrameworksBuildPhase section */
		875D694E2B8B686200D5DB58 /* Frameworks */ = {
			isa = PBXFrameworksBuildPhase;
			buildActionMask = 2147483647;
			files = (
				87CC08352B8BA92100AD1BC6 /* FirebaseDatabase in Frameworks */,
				8785D0AA2BAAD23200C2E4CA /* FirebaseAnalyticsOnDeviceConversion in Frameworks */,
				87CC08432B8BA92100AD1BC6 /* FirebaseFunctionsCombine-Community in Frameworks */,
				87CC083B2B8BA92100AD1BC6 /* FirebaseFirestore in Frameworks */,
				8785D0B02BAAD23200C2E4CA /* FirebaseAppCheck in Frameworks */,
				8785D0AC2BAAD23200C2E4CA /* FirebaseAnalyticsSwift in Frameworks */,
				87CC08272B8BA92100AD1BC6 /* FirebaseAnalyticsSwift in Frameworks */,
				87CC08232B8BA92100AD1BC6 /* FirebaseAnalytics in Frameworks */,
				8785D0AE2BAAD23200C2E4CA /* FirebaseAnalyticsWithoutAdIdSupport in Frameworks */,
				8785D0C02BAAD23200C2E4CA /* FirebaseRemoteConfig in Frameworks */,
				8785D0C62BAAD23200C2E4CA /* FirebaseStorageCombine-Community in Frameworks */,
				87CC08252B8BA92100AD1BC6 /* FirebaseAnalyticsOnDeviceConversion in Frameworks */,
				8785D0B42BAAD23200C2E4CA /* FirebaseAuth in Frameworks */,
				87CC084B2B8BA92100AD1BC6 /* FirebaseMLModelDownloader in Frameworks */,
				8785D0BA2BAAD23200C2E4CA /* FirebaseDatabase in Frameworks */,
				87CC083F2B8BA92100AD1BC6 /* FirebaseFirestoreSwift in Frameworks */,
				87CC082B2B8BA92100AD1BC6 /* FirebaseAppCheck in Frameworks */,
				87CC08292B8BA92100AD1BC6 /* FirebaseAnalyticsWithoutAdIdSupport in Frameworks */,
				87CC082F2B8BA92100AD1BC6 /* FirebaseAuth in Frameworks */,
				87CC08332B8BA92100AD1BC6 /* FirebaseCrashlytics in Frameworks */,
				87CC08532B8BA92100AD1BC6 /* FirebaseRemoteConfigSwift in Frameworks */,
				8785D0A02BAAD20700C2E4CA /* FirebaseAnalyticsOnDeviceConversion in Frameworks */,
				87CC08452B8BA92100AD1BC6 /* FirebaseInAppMessaging-Beta in Frameworks */,
				8785D09E2BAAD20700C2E4CA /* FirebaseAnalytics in Frameworks */,
				8785D0BE2BAAD23200C2E4CA /* FirebasePerformance in Frameworks */,
				8785D0A62BAAD20700C2E4CA /* FirebaseAppCheck in Frameworks */,
				8785D0C42BAAD23200C2E4CA /* FirebaseStorage in Frameworks */,
				8785D0A82BAAD23200C2E4CA /* FirebaseAnalytics in Frameworks */,
				8785D0A42BAAD20700C2E4CA /* FirebaseAnalyticsWithoutAdIdSupport in Frameworks */,
				87CC08372B8BA92100AD1BC6 /* FirebaseDatabaseSwift in Frameworks */,
				87CC08412B8BA92100AD1BC6 /* FirebaseFunctions in Frameworks */,
				87CC08572B8BA92100AD1BC6 /* FirebaseStorageCombine-Community in Frameworks */,
				87CC08512B8BA92100AD1BC6 /* FirebaseRemoteConfig in Frameworks */,
				87CC082D2B8BA92100AD1BC6 /* FirebaseAppDistribution-Beta in Frameworks */,
				87CC08312B8BA92100AD1BC6 /* FirebaseAuthCombine-Community in Frameworks */,
				87CC084F2B8BA92100AD1BC6 /* FirebasePerformance in Frameworks */,
				8785D0B82BAAD23200C2E4CA /* FirebaseCrashlytics in Frameworks */,
				87CC08472B8BA92100AD1BC6 /* FirebaseInAppMessagingSwift-Beta in Frameworks */,
				8785D0B22BAAD23200C2E4CA /* FirebaseAppDistribution-Beta in Frameworks */,
				8785D0A22BAAD20700C2E4CA /* FirebaseAnalyticsSwift in Frameworks */,
				87CC08552B8BA92100AD1BC6 /* FirebaseStorage in Frameworks */,
				87CC08392B8BA92100AD1BC6 /* FirebaseDynamicLinks in Frameworks */,
				87CC083D2B8BA92100AD1BC6 /* FirebaseFirestoreCombine-Community in Frameworks */,
				8785D0C22BAAD23200C2E4CA /* FirebaseRemoteConfigSwift in Frameworks */,
				87CC084D2B8BA92100AD1BC6 /* FirebaseMessaging in Frameworks */,
				87CC08492B8BA92100AD1BC6 /* FirebaseInstallations in Frameworks */,
				8785D0B62BAAD23200C2E4CA /* FirebaseAuthCombine-Community in Frameworks */,
				8785D0BC2BAAD23200C2E4CA /* FirebaseMessaging in Frameworks */,
			);
			runOnlyForDeploymentPostprocessing = 0;
		};
/* End PBXFrameworksBuildPhase section */

/* Begin PBXGroup section */
		875D69482B8B686200D5DB58 = {
			isa = PBXGroup;
			children = (
				875D69532B8B686200D5DB58 /* YaM */,
				875D69522B8B686200D5DB58 /* Products */,
			);
			sourceTree = "<group>";
		};
		875D69522B8B686200D5DB58 /* Products */ = {
			isa = PBXGroup;
			children = (
				875D69512B8B686200D5DB58 /* YaM.app */,
			);
			name = Products;
			sourceTree = "<group>";
		};
		875D69532B8B686200D5DB58 /* YaM */ = {
			isa = PBXGroup;
			children = (
				87F1AD322B962832003C5634 /* Application */,
				875D69582B8B686200D5DB58 /* MapViewController.swift */,
				87CC08582B8BB47D00AD1BC6 /* LocationManager.swift */,
				87F1AD332B962861003C5634 /* Support */,
			);
			path = YaM;
			sourceTree = "<group>";
		};
		87F1AD322B962832003C5634 /* Application */ = {
			isa = PBXGroup;
			children = (
				875D69542B8B686200D5DB58 /* AppDelegate.swift */,
				875D69562B8B686200D5DB58 /* SceneDelegate.swift */,
				875D69622B8B686300D5DB58 /* Info.plist */,
				877A09172BAAD33000E2584B /* GoogleService-Info.plist */,
			);
			path = Application;
			sourceTree = "<group>";
		};
		87F1AD332B962861003C5634 /* Support */ = {
			isa = PBXGroup;
			children = (
				875D695D2B8B686300D5DB58 /* Assets.xcassets */,
				875D695F2B8B686300D5DB58 /* LaunchScreen.storyboard */,
			);
			path = Support;
			sourceTree = "<group>";
		};
/* End PBXGroup section */

/* Begin PBXNativeTarget section */
		875D69502B8B686200D5DB58 /* YaM */ = {
			isa = PBXNativeTarget;
			buildConfigurationList = 875D69652B8B686300D5DB58 /* Build configuration list for PBXNativeTarget "YaM" */;
			buildPhases = (
				875D694D2B8B686200D5DB58 /* Sources */,
				875D694E2B8B686200D5DB58 /* Frameworks */,
				875D694F2B8B686200D5DB58 /* Resources */,
			);
			buildRules = (
			);
			dependencies = (
			);
			name = YaM;
			packageProductDependencies = (
				87CC08222B8BA92100AD1BC6 /* FirebaseAnalytics */,
				87CC08242B8BA92100AD1BC6 /* FirebaseAnalyticsOnDeviceConversion */,
				87CC08262B8BA92100AD1BC6 /* FirebaseAnalyticsSwift */,
				87CC08282B8BA92100AD1BC6 /* FirebaseAnalyticsWithoutAdIdSupport */,
				87CC082A2B8BA92100AD1BC6 /* FirebaseAppCheck */,
				87CC082C2B8BA92100AD1BC6 /* FirebaseAppDistribution-Beta */,
				87CC082E2B8BA92100AD1BC6 /* FirebaseAuth */,
				87CC08302B8BA92100AD1BC6 /* FirebaseAuthCombine-Community */,
				87CC08322B8BA92100AD1BC6 /* FirebaseCrashlytics */,
				87CC08342B8BA92100AD1BC6 /* FirebaseDatabase */,
				87CC08362B8BA92100AD1BC6 /* FirebaseDatabaseSwift */,
				87CC08382B8BA92100AD1BC6 /* FirebaseDynamicLinks */,
				87CC083A2B8BA92100AD1BC6 /* FirebaseFirestore */,
				87CC083C2B8BA92100AD1BC6 /* FirebaseFirestoreCombine-Community */,
				87CC083E2B8BA92100AD1BC6 /* FirebaseFirestoreSwift */,
				87CC08402B8BA92100AD1BC6 /* FirebaseFunctions */,
				87CC08422B8BA92100AD1BC6 /* FirebaseFunctionsCombine-Community */,
				87CC08442B8BA92100AD1BC6 /* FirebaseInAppMessaging-Beta */,
				87CC08462B8BA92100AD1BC6 /* FirebaseInAppMessagingSwift-Beta */,
				87CC08482B8BA92100AD1BC6 /* FirebaseInstallations */,
				87CC084A2B8BA92100AD1BC6 /* FirebaseMLModelDownloader */,
				87CC084C2B8BA92100AD1BC6 /* FirebaseMessaging */,
				87CC084E2B8BA92100AD1BC6 /* FirebasePerformance */,
				87CC08502B8BA92100AD1BC6 /* FirebaseRemoteConfig */,
				87CC08522B8BA92100AD1BC6 /* FirebaseRemoteConfigSwift */,
				87CC08542B8BA92100AD1BC6 /* FirebaseStorage */,
				87CC08562B8BA92100AD1BC6 /* FirebaseStorageCombine-Community */,
				8785D09D2BAAD20700C2E4CA /* FirebaseAnalytics */,
				8785D09F2BAAD20700C2E4CA /* FirebaseAnalyticsOnDeviceConversion */,
				8785D0A12BAAD20700C2E4CA /* FirebaseAnalyticsSwift */,
				8785D0A32BAAD20700C2E4CA /* FirebaseAnalyticsWithoutAdIdSupport */,
				8785D0A52BAAD20700C2E4CA /* FirebaseAppCheck */,
				8785D0A72BAAD23200C2E4CA /* FirebaseAnalytics */,
				8785D0A92BAAD23200C2E4CA /* FirebaseAnalyticsOnDeviceConversion */,
				8785D0AB2BAAD23200C2E4CA /* FirebaseAnalyticsSwift */,
				8785D0AD2BAAD23200C2E4CA /* FirebaseAnalyticsWithoutAdIdSupport */,
				8785D0AF2BAAD23200C2E4CA /* FirebaseAppCheck */,
				8785D0B12BAAD23200C2E4CA /* FirebaseAppDistribution-Beta */,
				8785D0B32BAAD23200C2E4CA /* FirebaseAuth */,
				8785D0B52BAAD23200C2E4CA /* FirebaseAuthCombine-Community */,
				8785D0B72BAAD23200C2E4CA /* FirebaseCrashlytics */,
				8785D0B92BAAD23200C2E4CA /* FirebaseDatabase */,
				8785D0BB2BAAD23200C2E4CA /* FirebaseMessaging */,
				8785D0BD2BAAD23200C2E4CA /* FirebasePerformance */,
				8785D0BF2BAAD23200C2E4CA /* FirebaseRemoteConfig */,
				8785D0C12BAAD23200C2E4CA /* FirebaseRemoteConfigSwift */,
				8785D0C32BAAD23200C2E4CA /* FirebaseStorage */,
				8785D0C52BAAD23200C2E4CA /* FirebaseStorageCombine-Community */,
			);
			productName = YaMU;
			productReference = 875D69512B8B686200D5DB58 /* YaM.app */;
			productType = "com.apple.product-type.application";
		};
/* End PBXNativeTarget section */

/* Begin PBXProject section */
		875D69492B8B686200D5DB58 /* Project object */ = {
			isa = PBXProject;
			attributes = {
				BuildIndependentTargetsInParallel = 1;
				LastSwiftUpdateCheck = 1520;
				LastUpgradeCheck = 1520;
				TargetAttributes = {
					875D69502B8B686200D5DB58 = {
						CreatedOnToolsVersion = 15.2;
					};
				};
			};
			buildConfigurationList = 875D694C2B8B686200D5DB58 /* Build configuration list for PBXProject "YaM" */;
			compatibilityVersion = "Xcode 14.0";
			developmentRegion = en;
			hasScannedForEncodings = 0;
			knownRegions = (
				en,
				Base,
			);
			mainGroup = 875D69482B8B686200D5DB58;
			packageReferences = (
				87CC08212B8BA92100AD1BC6 /* XCRemoteSwiftPackageReference "firebase-ios-sdk" */,
			);
			productRefGroup = 875D69522B8B686200D5DB58 /* Products */;
			projectDirPath = "";
			projectRoot = "";
			targets = (
				875D69502B8B686200D5DB58 /* YaM */,
			);
		};
/* End PBXProject section */

/* Begin PBXResourcesBuildPhase section */
		875D694F2B8B686200D5DB58 /* Resources */ = {
			isa = PBXResourcesBuildPhase;
			buildActionMask = 2147483647;
			files = (
				875D69612B8B686300D5DB58 /* LaunchScreen.storyboard in Resources */,
				875D695E2B8B686300D5DB58 /* Assets.xcassets in Resources */,
				877A09182BAAD33000E2584B /* GoogleService-Info.plist in Resources */,
			);
			runOnlyForDeploymentPostprocessing = 0;
		};
/* End PBXResourcesBuildPhase section */

/* Begin PBXSourcesBuildPhase section */
		875D694D2B8B686200D5DB58 /* Sources */ = {
			isa = PBXSourcesBuildPhase;
			buildActionMask = 2147483647;
			files = (
				87CC08592B8BB47D00AD1BC6 /* LocationManager.swift in Sources */,
				875D69592B8B686200D5DB58 /* MapViewController.swift in Sources */,
				875D69552B8B686200D5DB58 /* AppDelegate.swift in Sources */,
				875D69572B8B686200D5DB58 /* SceneDelegate.swift in Sources */,
			);
			runOnlyForDeploymentPostprocessing = 0;
		};
/* End PBXSourcesBuildPhase section */

/* Begin PBXVariantGroup section */
		875D695F2B8B686300D5DB58 /* LaunchScreen.storyboard */ = {
			isa = PBXVariantGroup;
			children = (
				875D69602B8B686300D5DB58 /* Base */,
			);
			name = LaunchScreen.storyboard;
			sourceTree = "<group>";
		};
/* End PBXVariantGroup section */

/* Begin XCBuildConfiguration section */
		875D69632B8B686300D5DB58 /* Debug */ = {
			isa = XCBuildConfiguration;
			buildSettings = {
				ALWAYS_SEARCH_USER_PATHS = NO;
				ASSETCATALOG_COMPILER_GENERATE_SWIFT_ASSET_SYMBOL_EXTENSIONS = YES;
				CLANG_ANALYZER_NONNULL = YES;
				CLANG_ANALYZER_NUMBER_OBJECT_CONVERSION = YES_AGGRESSIVE;
				CLANG_CXX_LANGUAGE_STANDARD = "gnu++20";
				CLANG_ENABLE_MODULES = YES;
				CLANG_ENABLE_OBJC_ARC = YES;
				CLANG_ENABLE_OBJC_WEAK = YES;
				CLANG_WARN_BLOCK_CAPTURE_AUTORELEASING = YES;
				CLANG_WARN_BOOL_CONVERSION = YES;
				CLANG_WARN_COMMA = YES;
				CLANG_WARN_CONSTANT_CONVERSION = YES;
				CLANG_WARN_DEPRECATED_OBJC_IMPLEMENTATIONS = YES;
				CLANG_WARN_DIRECT_OBJC_ISA_USAGE = YES_ERROR;
				CLANG_WARN_DOCUMENTATION_COMMENTS = YES;
				CLANG_WARN_EMPTY_BODY = YES;
				CLANG_WARN_ENUM_CONVERSION = YES;
				CLANG_WARN_INFINITE_RECURSION = YES;
				CLANG_WARN_INT_CONVERSION = YES;
				CLANG_WARN_NON_LITERAL_NULL_CONVERSION = YES;
				CLANG_WARN_OBJC_IMPLICIT_RETAIN_SELF = YES;
				CLANG_WARN_OBJC_LITERAL_CONVERSION = YES;
				CLANG_WARN_OBJC_ROOT_CLASS = YES_ERROR;
				CLANG_WARN_QUOTED_INCLUDE_IN_FRAMEWORK_HEADER = YES;
				CLANG_WARN_RANGE_LOOP_ANALYSIS = YES;
				CLANG_WARN_STRICT_PROTOTYPES = YES;
				CLANG_WARN_SUSPICIOUS_MOVE = YES;
				CLANG_WARN_UNGUARDED_AVAILABILITY = YES_AGGRESSIVE;
				CLANG_WARN_UNREACHABLE_CODE = YES;
				CLANG_WARN__DUPLICATE_METHOD_MATCH = YES;
				COPY_PHASE_STRIP = NO;
				DEBUG_INFORMATION_FORMAT = dwarf;
				ENABLE_STRICT_OBJC_MSGSEND = YES;
				ENABLE_TESTABILITY = YES;
				ENABLE_USER_SCRIPT_SANDBOXING = YES;
				GCC_C_LANGUAGE_STANDARD = gnu17;
				GCC_DYNAMIC_NO_PIC = NO;
				GCC_NO_COMMON_BLOCKS = YES;
				GCC_OPTIMIZATION_LEVEL = 0;
				GCC_PREPROCESSOR_DEFINITIONS = (
					"DEBUG=1",
					"$(inherited)",
				);
				GCC_WARN_64_TO_32_BIT_CONVERSION = YES;
				GCC_WARN_ABOUT_RETURN_TYPE = YES_ERROR;
				GCC_WARN_UNDECLARED_SELECTOR = YES;
				GCC_WARN_UNINITIALIZED_AUTOS = YES_AGGRESSIVE;
				GCC_WARN_UNUSED_FUNCTION = YES;
				GCC_WARN_UNUSED_VARIABLE = YES;
				IPHONEOS_DEPLOYMENT_TARGET = 15.0;
				LOCALIZATION_PREFERS_STRING_CATALOGS = YES;
				MTL_ENABLE_DEBUG_INFO = INCLUDE_SOURCE;
				MTL_FAST_MATH = YES;
				ONLY_ACTIVE_ARCH = YES;
				SDKROOT = iphoneos;
				SWIFT_ACTIVE_COMPILATION_CONDITIONS = "DEBUG $(inherited)";
				SWIFT_OPTIMIZATION_LEVEL = "-Onone";
			};
			name = Debug;
		};
		875D69642B8B686300D5DB58 /* Release */ = {
			isa = XCBuildConfiguration;
			buildSettings = {
				ALWAYS_SEARCH_USER_PATHS = NO;
				ASSETCATALOG_COMPILER_GENERATE_SWIFT_ASSET_SYMBOL_EXTENSIONS = YES;
				CLANG_ANALYZER_NONNULL = YES;
				CLANG_ANALYZER_NUMBER_OBJECT_CONVERSION = YES_AGGRESSIVE;
				CLANG_CXX_LANGUAGE_STANDARD = "gnu++20";
				CLANG_ENABLE_MODULES = YES;
				CLANG_ENABLE_OBJC_ARC = YES;
				CLANG_ENABLE_OBJC_WEAK = YES;
				CLANG_WARN_BLOCK_CAPTURE_AUTORELEASING = YES;
				CLANG_WARN_BOOL_CONVERSION = YES;
				CLANG_WARN_COMMA = YES;
				CLANG_WARN_CONSTANT_CONVERSION = YES;
				CLANG_WARN_DEPRECATED_OBJC_IMPLEMENTATIONS = YES;
				CLANG_WARN_DIRECT_OBJC_ISA_USAGE = YES_ERROR;
				CLANG_WARN_DOCUMENTATION_COMMENTS = YES;
				CLANG_WARN_EMPTY_BODY = YES;
				CLANG_WARN_ENUM_CONVERSION = YES;
				CLANG_WARN_INFINITE_RECURSION = YES;
				CLANG_WARN_INT_CONVERSION = YES;
				CLANG_WARN_NON_LITERAL_NULL_CONVERSION = YES;
				CLANG_WARN_OBJC_IMPLICIT_RETAIN_SELF = YES;
				CLANG_WARN_OBJC_LITERAL_CONVERSION = YES;
				CLANG_WARN_OBJC_ROOT_CLASS = YES_ERROR;
				CLANG_WARN_QUOTED_INCLUDE_IN_FRAMEWORK_HEADER = YES;
				CLANG_WARN_RANGE_LOOP_ANALYSIS = YES;
				CLANG_WARN_STRICT_PROTOTYPES = YES;
				CLANG_WARN_SUSPICIOUS_MOVE = YES;
				CLANG_WARN_UNGUARDED_AVAILABILITY = YES_AGGRESSIVE;
				CLANG_WARN_UNREACHABLE_CODE = YES;
				CLANG_WARN__DUPLICATE_METHOD_MATCH = YES;
				COPY_PHASE_STRIP = NO;
				DEBUG_INFORMATION_FORMAT = "dwarf-with-dsym";
				ENABLE_NS_ASSERTIONS = NO;
				ENABLE_STRICT_OBJC_MSGSEND = YES;
				ENABLE_USER_SCRIPT_SANDBOXING = YES;
				GCC_C_LANGUAGE_STANDARD = gnu17;
				GCC_NO_COMMON_BLOCKS = YES;
				GCC_WARN_64_TO_32_BIT_CONVERSION = YES;
				GCC_WARN_ABOUT_RETURN_TYPE = YES_ERROR;
				GCC_WARN_UNDECLARED_SELECTOR = YES;
				GCC_WARN_UNINITIALIZED_AUTOS = YES_AGGRESSIVE;
				GCC_WARN_UNUSED_FUNCTION = YES;
				GCC_WARN_UNUSED_VARIABLE = YES;
				IPHONEOS_DEPLOYMENT_TARGET = 15.0;
				LOCALIZATION_PREFERS_STRING_CATALOGS = YES;
				MTL_ENABLE_DEBUG_INFO = NO;
				MTL_FAST_MATH = YES;
				SDKROOT = iphoneos;
				SWIFT_COMPILATION_MODE = wholemodule;
				VALIDATE_PRODUCT = YES;
			};
			name = Release;
		};
		875D69662B8B686300D5DB58 /* Debug */ = {
			isa = XCBuildConfiguration;
			buildSettings = {
				ASSETCATALOG_COMPILER_APPICON_NAME = AppIcon;
				ASSETCATALOG_COMPILER_GLOBAL_ACCENT_COLOR_NAME = AccentColor;
				CODE_SIGN_STYLE = Automatic;
				CURRENT_PROJECT_VERSION = 1;
				DEVELOPMENT_TEAM = FP582B2GU2;
				GENERATE_INFOPLIST_FILE = YES;
				INFOPLIST_FILE = YaM/Application/Info.plist;
				INFOPLIST_KEY_UIApplicationSupportsIndirectInputEvents = YES;
				INFOPLIST_KEY_UILaunchStoryboardName = LaunchScreen;
				INFOPLIST_KEY_UIMainStoryboardFile = "";
				INFOPLIST_KEY_UISupportedInterfaceOrientations_iPad = "UIInterfaceOrientationPortrait UIInterfaceOrientationPortraitUpsideDown UIInterfaceOrientationLandscapeLeft UIInterfaceOrientationLandscapeRight";
				INFOPLIST_KEY_UISupportedInterfaceOrientations_iPhone = "UIInterfaceOrientationPortrait UIInterfaceOrientationLandscapeLeft UIInterfaceOrientationLandscapeRight";
				INFOPLIST_KEY_UIUserInterfaceStyle = Dark;
				LD_RUNPATH_SEARCH_PATHS = (
					"$(inherited)",
					"@executable_path/Frameworks",
				);
				MARKETING_VERSION = 1.0;
				PRODUCT_BUNDLE_IDENTIFIER = com.wannabepurple.YaM;
				PRODUCT_NAME = "$(TARGET_NAME)";
				SWIFT_EMIT_LOC_STRINGS = YES;
				SWIFT_VERSION = 5.0;
				TARGETED_DEVICE_FAMILY = "1,2";
			};
			name = Debug;
		};
		875D69672B8B686300D5DB58 /* Release */ = {
			isa = XCBuildConfiguration;
			buildSettings = {
				ASSETCATALOG_COMPILER_APPICON_NAME = AppIcon;
				ASSETCATALOG_COMPILER_GLOBAL_ACCENT_COLOR_NAME = AccentColor;
				CODE_SIGN_STYLE = Automatic;
				CURRENT_PROJECT_VERSION = 1;
				DEVELOPMENT_TEAM = FP582B2GU2;
				GENERATE_INFOPLIST_FILE = YES;
				INFOPLIST_FILE = YaM/Application/Info.plist;
				INFOPLIST_KEY_UIApplicationSupportsIndirectInputEvents = YES;
				INFOPLIST_KEY_UILaunchStoryboardName = LaunchScreen;
				INFOPLIST_KEY_UIMainStoryboardFile = "";
				INFOPLIST_KEY_UISupportedInterfaceOrientations_iPad = "UIInterfaceOrientationPortrait UIInterfaceOrientationPortraitUpsideDown UIInterfaceOrientationLandscapeLeft UIInterfaceOrientationLandscapeRight";
				INFOPLIST_KEY_UISupportedInterfaceOrientations_iPhone = "UIInterfaceOrientationPortrait UIInterfaceOrientationLandscapeLeft UIInterfaceOrientationLandscapeRight";
				INFOPLIST_KEY_UIUserInterfaceStyle = Dark;
				LD_RUNPATH_SEARCH_PATHS = (
					"$(inherited)",
					"@executable_path/Frameworks",
				);
				MARKETING_VERSION = 1.0;
				PRODUCT_BUNDLE_IDENTIFIER = com.wannabepurple.YaM;
				PRODUCT_NAME = "$(TARGET_NAME)";
				SWIFT_EMIT_LOC_STRINGS = YES;
				SWIFT_VERSION = 5.0;
				TARGETED_DEVICE_FAMILY = "1,2";
			};
			name = Release;
		};
/* End XCBuildConfiguration section */

/* Begin XCConfigurationList section */
		875D694C2B8B686200D5DB58 /* Build configuration list for PBXProject "YaM" */ = {
			isa = XCConfigurationList;
			buildConfigurations = (
				875D69632B8B686300D5DB58 /* Debug */,
				875D69642B8B686300D5DB58 /* Release */,
			);
			defaultConfigurationIsVisible = 0;
			defaultConfigurationName = Release;
		};
		875D69652B8B686300D5DB58 /* Build configuration list for PBXNativeTarget "YaM" */ = {
			isa = XCConfigurationList;
			buildConfigurations = (
				875D69662B8B686300D5DB58 /* Debug */,
				875D69672B8B686300D5DB58 /* Release */,
			);
			defaultConfigurationIsVisible = 0;
			defaultConfigurationName = Release;
		};
/* End XCConfigurationList section */

/* Begin XCRemoteSwiftPackageReference section */
		87CC08212B8BA92100AD1BC6 /* XCRemoteSwiftPackageReference "firebase-ios-sdk" */ = {
			isa = XCRemoteSwiftPackageReference;
			repositoryURL = "https://github.com/firebase/firebase-ios-sdk";
			requirement = {
				kind = upToNextMajorVersion;
				minimumVersion = 10.21.0;
			};
		};
/* End XCRemoteSwiftPackageReference section */

/* Begin XCSwiftPackageProductDependency section */
		8785D09D2BAAD20700C2E4CA /* FirebaseAnalytics */ = {
			isa = XCSwiftPackageProductDependency;
			package = 87CC08212B8BA92100AD1BC6 /* XCRemoteSwiftPackageReference "firebase-ios-sdk" */;
			productName = FirebaseAnalytics;
		};
		8785D09F2BAAD20700C2E4CA /* FirebaseAnalyticsOnDeviceConversion */ = {
			isa = XCSwiftPackageProductDependency;
			package = 87CC08212B8BA92100AD1BC6 /* XCRemoteSwiftPackageReference "firebase-ios-sdk" */;
			productName = FirebaseAnalyticsOnDeviceConversion;
		};
		8785D0A12BAAD20700C2E4CA /* FirebaseAnalyticsSwift */ = {
			isa = XCSwiftPackageProductDependency;
			package = 87CC08212B8BA92100AD1BC6 /* XCRemoteSwiftPackageReference "firebase-ios-sdk" */;
			productName = FirebaseAnalyticsSwift;
		};
		8785D0A32BAAD20700C2E4CA /* FirebaseAnalyticsWithoutAdIdSupport */ = {
			isa = XCSwiftPackageProductDependency;
			package = 87CC08212B8BA92100AD1BC6 /* XCRemoteSwiftPackageReference "firebase-ios-sdk" */;
			productName = FirebaseAnalyticsWithoutAdIdSupport;
		};
		8785D0A52BAAD20700C2E4CA /* FirebaseAppCheck */ = {
			isa = XCSwiftPackageProductDependency;
			package = 87CC08212B8BA92100AD1BC6 /* XCRemoteSwiftPackageReference "firebase-ios-sdk" */;
			productName = FirebaseAppCheck;
		};
		8785D0A72BAAD23200C2E4CA /* FirebaseAnalytics */ = {
			isa = XCSwiftPackageProductDependency;
			package = 87CC08212B8BA92100AD1BC6 /* XCRemoteSwiftPackageReference "firebase-ios-sdk" */;
			productName = FirebaseAnalytics;
		};
		8785D0A92BAAD23200C2E4CA /* FirebaseAnalyticsOnDeviceConversion */ = {
			isa = XCSwiftPackageProductDependency;
			package = 87CC08212B8BA92100AD1BC6 /* XCRemoteSwiftPackageReference "firebase-ios-sdk" */;
			productName = FirebaseAnalyticsOnDeviceConversion;
		};
		8785D0AB2BAAD23200C2E4CA /* FirebaseAnalyticsSwift */ = {
			isa = XCSwiftPackageProductDependency;
			package = 87CC08212B8BA92100AD1BC6 /* XCRemoteSwiftPackageReference "firebase-ios-sdk" */;
			productName = FirebaseAnalyticsSwift;
		};
		8785D0AD2BAAD23200C2E4CA /* FirebaseAnalyticsWithoutAdIdSupport */ = {
			isa = XCSwiftPackageProductDependency;
			package = 87CC08212B8BA92100AD1BC6 /* XCRemoteSwiftPackageReference "firebase-ios-sdk" */;
			productName = FirebaseAnalyticsWithoutAdIdSupport;
		};
		8785D0AF2BAAD23200C2E4CA /* FirebaseAppCheck */ = {
			isa = XCSwiftPackageProductDependency;
			package = 87CC08212B8BA92100AD1BC6 /* XCRemoteSwiftPackageReference "firebase-ios-sdk" */;
			productName = FirebaseAppCheck;
		};
		8785D0B12BAAD23200C2E4CA /* FirebaseAppDistribution-Beta */ = {
			isa = XCSwiftPackageProductDependency;
			package = 87CC08212B8BA92100AD1BC6 /* XCRemoteSwiftPackageReference "firebase-ios-sdk" */;
			productName = "FirebaseAppDistribution-Beta";
		};
		8785D0B32BAAD23200C2E4CA /* FirebaseAuth */ = {
			isa = XCSwiftPackageProductDependency;
			package = 87CC08212B8BA92100AD1BC6 /* XCRemoteSwiftPackageReference "firebase-ios-sdk" */;
			productName = FirebaseAuth;
		};
		8785D0B52BAAD23200C2E4CA /* FirebaseAuthCombine-Community */ = {
			isa = XCSwiftPackageProductDependency;
			package = 87CC08212B8BA92100AD1BC6 /* XCRemoteSwiftPackageReference "firebase-ios-sdk" */;
			productName = "FirebaseAuthCombine-Community";
		};
		8785D0B72BAAD23200C2E4CA /* FirebaseCrashlytics */ = {
			isa = XCSwiftPackageProductDependency;
			package = 87CC08212B8BA92100AD1BC6 /* XCRemoteSwiftPackageReference "firebase-ios-sdk" */;
			productName = FirebaseCrashlytics;
		};
		8785D0B92BAAD23200C2E4CA /* FirebaseDatabase */ = {
			isa = XCSwiftPackageProductDependency;
			package = 87CC08212B8BA92100AD1BC6 /* XCRemoteSwiftPackageReference "firebase-ios-sdk" */;
			productName = FirebaseDatabase;
		};
		8785D0BB2BAAD23200C2E4CA /* FirebaseMessaging */ = {
			isa = XCSwiftPackageProductDependency;
			package = 87CC08212B8BA92100AD1BC6 /* XCRemoteSwiftPackageReference "firebase-ios-sdk" */;
			productName = FirebaseMessaging;
		};
		8785D0BD2BAAD23200C2E4CA /* FirebasePerformance */ = {
			isa = XCSwiftPackageProductDependency;
			package = 87CC08212B8BA92100AD1BC6 /* XCRemoteSwiftPackageReference "firebase-ios-sdk" */;
			productName = FirebasePerformance;
		};
		8785D0BF2BAAD23200C2E4CA /* FirebaseRemoteConfig */ = {
			isa = XCSwiftPackageProductDependency;
			package = 87CC08212B8BA92100AD1BC6 /* XCRemoteSwiftPackageReference "firebase-ios-sdk" */;
			productName = FirebaseRemoteConfig;
		};
		8785D0C12BAAD23200C2E4CA /* FirebaseRemoteConfigSwift */ = {
			isa = XCSwiftPackageProductDependency;
			package = 87CC08212B8BA92100AD1BC6 /* XCRemoteSwiftPackageReference "firebase-ios-sdk" */;
			productName = FirebaseRemoteConfigSwift;
		};
		8785D0C32BAAD23200C2E4CA /* FirebaseStorage */ = {
			isa = XCSwiftPackageProductDependency;
			package = 87CC08212B8BA92100AD1BC6 /* XCRemoteSwiftPackageReference "firebase-ios-sdk" */;
			productName = FirebaseStorage;
		};
		8785D0C52BAAD23200C2E4CA /* FirebaseStorageCombine-Community */ = {
			isa = XCSwiftPackageProductDependency;
			package = 87CC08212B8BA92100AD1BC6 /* XCRemoteSwiftPackageReference "firebase-ios-sdk" */;
			productName = "FirebaseStorageCombine-Community";
		};
		87CC08222B8BA92100AD1BC6 /* FirebaseAnalytics */ = {
			isa = XCSwiftPackageProductDependency;
			package = 87CC08212B8BA92100AD1BC6 /* XCRemoteSwiftPackageReference "firebase-ios-sdk" */;
			productName = FirebaseAnalytics;
		};
		87CC08242B8BA92100AD1BC6 /* FirebaseAnalyticsOnDeviceConversion */ = {
			isa = XCSwiftPackageProductDependency;
			package = 87CC08212B8BA92100AD1BC6 /* XCRemoteSwiftPackageReference "firebase-ios-sdk" */;
			productName = FirebaseAnalyticsOnDeviceConversion;
		};
		87CC08262B8BA92100AD1BC6 /* FirebaseAnalyticsSwift */ = {
			isa = XCSwiftPackageProductDependency;
			package = 87CC08212B8BA92100AD1BC6 /* XCRemoteSwiftPackageReference "firebase-ios-sdk" */;
			productName = FirebaseAnalyticsSwift;
		};
		87CC08282B8BA92100AD1BC6 /* FirebaseAnalyticsWithoutAdIdSupport */ = {
			isa = XCSwiftPackageProductDependency;
			package = 87CC08212B8BA92100AD1BC6 /* XCRemoteSwiftPackageReference "firebase-ios-sdk" */;
			productName = FirebaseAnalyticsWithoutAdIdSupport;
		};
		87CC082A2B8BA92100AD1BC6 /* FirebaseAppCheck */ = {
			isa = XCSwiftPackageProductDependency;
			package = 87CC08212B8BA92100AD1BC6 /* XCRemoteSwiftPackageReference "firebase-ios-sdk" */;
			productName = FirebaseAppCheck;
		};
		87CC082C2B8BA92100AD1BC6 /* FirebaseAppDistribution-Beta */ = {
			isa = XCSwiftPackageProductDependency;
			package = 87CC08212B8BA92100AD1BC6 /* XCRemoteSwiftPackageReference "firebase-ios-sdk" */;
			productName = "FirebaseAppDistribution-Beta";
		};
		87CC082E2B8BA92100AD1BC6 /* FirebaseAuth */ = {
			isa = XCSwiftPackageProductDependency;
			package = 87CC08212B8BA92100AD1BC6 /* XCRemoteSwiftPackageReference "firebase-ios-sdk" */;
			productName = FirebaseAuth;
		};
		87CC08302B8BA92100AD1BC6 /* FirebaseAuthCombine-Community */ = {
			isa = XCSwiftPackageProductDependency;
			package = 87CC08212B8BA92100AD1BC6 /* XCRemoteSwiftPackageReference "firebase-ios-sdk" */;
			productName = "FirebaseAuthCombine-Community";
		};
		87CC08322B8BA92100AD1BC6 /* FirebaseCrashlytics */ = {
			isa = XCSwiftPackageProductDependency;
			package = 87CC08212B8BA92100AD1BC6 /* XCRemoteSwiftPackageReference "firebase-ios-sdk" */;
			productName = FirebaseCrashlytics;
		};
		87CC08342B8BA92100AD1BC6 /* FirebaseDatabase */ = {
			isa = XCSwiftPackageProductDependency;
			package = 87CC08212B8BA92100AD1BC6 /* XCRemoteSwiftPackageReference "firebase-ios-sdk" */;
			productName = FirebaseDatabase;
		};
		87CC08362B8BA92100AD1BC6 /* FirebaseDatabaseSwift */ = {
			isa = XCSwiftPackageProductDependency;
			package = 87CC08212B8BA92100AD1BC6 /* XCRemoteSwiftPackageReference "firebase-ios-sdk" */;
			productName = FirebaseDatabaseSwift;
		};
		87CC08382B8BA92100AD1BC6 /* FirebaseDynamicLinks */ = {
			isa = XCSwiftPackageProductDependency;
			package = 87CC08212B8BA92100AD1BC6 /* XCRemoteSwiftPackageReference "firebase-ios-sdk" */;
			productName = FirebaseDynamicLinks;
		};
		87CC083A2B8BA92100AD1BC6 /* FirebaseFirestore */ = {
			isa = XCSwiftPackageProductDependency;
			package = 87CC08212B8BA92100AD1BC6 /* XCRemoteSwiftPackageReference "firebase-ios-sdk" */;
			productName = FirebaseFirestore;
		};
		87CC083C2B8BA92100AD1BC6 /* FirebaseFirestoreCombine-Community */ = {
			isa = XCSwiftPackageProductDependency;
			package = 87CC08212B8BA92100AD1BC6 /* XCRemoteSwiftPackageReference "firebase-ios-sdk" */;
			productName = "FirebaseFirestoreCombine-Community";
		};
		87CC083E2B8BA92100AD1BC6 /* FirebaseFirestoreSwift */ = {
			isa = XCSwiftPackageProductDependency;
			package = 87CC08212B8BA92100AD1BC6 /* XCRemoteSwiftPackageReference "firebase-ios-sdk" */;
			productName = FirebaseFirestoreSwift;
		};
		87CC08402B8BA92100AD1BC6 /* FirebaseFunctions */ = {
			isa = XCSwiftPackageProductDependency;
			package = 87CC08212B8BA92100AD1BC6 /* XCRemoteSwiftPackageReference "firebase-ios-sdk" */;
			productName = FirebaseFunctions;
		};
		87CC08422B8BA92100AD1BC6 /* FirebaseFunctionsCombine-Community */ = {
			isa = XCSwiftPackageProductDependency;
			package = 87CC08212B8BA92100AD1BC6 /* XCRemoteSwiftPackageReference "firebase-ios-sdk" */;
			productName = "FirebaseFunctionsCombine-Community";
		};
		87CC08442B8BA92100AD1BC6 /* FirebaseInAppMessaging-Beta */ = {
			isa = XCSwiftPackageProductDependency;
			package = 87CC08212B8BA92100AD1BC6 /* XCRemoteSwiftPackageReference "firebase-ios-sdk" */;
			productName = "FirebaseInAppMessaging-Beta";
		};
		87CC08462B8BA92100AD1BC6 /* FirebaseInAppMessagingSwift-Beta */ = {
			isa = XCSwiftPackageProductDependency;
			package = 87CC08212B8BA92100AD1BC6 /* XCRemoteSwiftPackageReference "firebase-ios-sdk" */;
			productName = "FirebaseInAppMessagingSwift-Beta";
		};
		87CC08482B8BA92100AD1BC6 /* FirebaseInstallations */ = {
			isa = XCSwiftPackageProductDependency;
			package = 87CC08212B8BA92100AD1BC6 /* XCRemoteSwiftPackageReference "firebase-ios-sdk" */;
			productName = FirebaseInstallations;
		};
		87CC084A2B8BA92100AD1BC6 /* FirebaseMLModelDownloader */ = {
			isa = XCSwiftPackageProductDependency;
			package = 87CC08212B8BA92100AD1BC6 /* XCRemoteSwiftPackageReference "firebase-ios-sdk" */;
			productName = FirebaseMLModelDownloader;
		};
		87CC084C2B8BA92100AD1BC6 /* FirebaseMessaging */ = {
			isa = XCSwiftPackageProductDependency;
			package = 87CC08212B8BA92100AD1BC6 /* XCRemoteSwiftPackageReference "firebase-ios-sdk" */;
			productName = FirebaseMessaging;
		};
		87CC084E2B8BA92100AD1BC6 /* FirebasePerformance */ = {
			isa = XCSwiftPackageProductDependency;
			package = 87CC08212B8BA92100AD1BC6 /* XCRemoteSwiftPackageReference "firebase-ios-sdk" */;
			productName = FirebasePerformance;
		};
		87CC08502B8BA92100AD1BC6 /* FirebaseRemoteConfig */ = {
			isa = XCSwiftPackageProductDependency;
			package = 87CC08212B8BA92100AD1BC6 /* XCRemoteSwiftPackageReference "firebase-ios-sdk" */;
			productName = FirebaseRemoteConfig;
		};
		87CC08522B8BA92100AD1BC6 /* FirebaseRemoteConfigSwift */ = {
			isa = XCSwiftPackageProductDependency;
			package = 87CC08212B8BA92100AD1BC6 /* XCRemoteSwiftPackageReference "firebase-ios-sdk" */;
			productName = FirebaseRemoteConfigSwift;
		};
		87CC08542B8BA92100AD1BC6 /* FirebaseStorage */ = {
			isa = XCSwiftPackageProductDependency;
			package = 87CC08212B8BA92100AD1BC6 /* XCRemoteSwiftPackageReference "firebase-ios-sdk" */;
			productName = FirebaseStorage;
		};
		87CC08562B8BA92100AD1BC6 /* FirebaseStorageCombine-Community */ = {
			isa = XCSwiftPackageProductDependency;
			package = 87CC08212B8BA92100AD1BC6 /* XCRemoteSwiftPackageReference "firebase-ios-sdk" */;
			productName = "FirebaseStorageCombine-Community";
		};
/* End XCSwiftPackageProductDependency section */
	};
	rootObject = 875D69492B8B686200D5DB58 /* Project object */;
}
